
Microsoft Visual Studio Solution File, Format Version 12.00
# Visual Studio Version 17
VisualStudioVersion = 17.3.32708.82
MinimumVisualStudioVersion = 10.0.40219.1
Project("{9A19103F-16F7-4668-BE54-9A1E7A4F7556}") = "Emobile-Task.Domain", "Emobile-Task.Domain\Emobile-Task.Domain.csproj", "{EFD54DB5-E677-41C2-B497-EA20AA4F2DBA}"
EndProject
Project("{9A19103F-16F7-4668-BE54-9A1E7A4F7556}") = "Emobile-Task.Service", "Emobile-Task.Service\Emobile-Task.Service.csproj", "{ED639A2E-7607-4B9A-A756-38C5DC51EDFC}"
EndProject
Project("{9A19103F-16F7-4668-BE54-9A1E7A4F7556}") = "Emobile-Task.Application", "Emobile-Task.Application\Emobile-Task.Application.csproj", "{19093B48-D4FC-466E-A411-5C8D86DD7E67}"
EndProject
Project("{FAE04EC0-301F-11D3-BF4B-00C04F79EFBC}") = "Emobile-Task.DAL", "Emobile-Task.DAL\Emobile-Task.DAL.csproj", "{EBBDF3DF-61F1-477C-8C31-1D0D98B89205}"
EndProject
Global
	GlobalSection(SolutionConfigurationPlatforms) = preSolution
		Debug|Any CPU = Debug|Any CPU
		Release|Any CPU = Release|Any CPU
	EndGlobalSection
	GlobalSection(ProjectConfigurationPlatforms) = postSolution
		{EFD54DB5-E677-41C2-B497-EA20AA4F2DBA}.Debug|Any CPU.ActiveCfg = Debug|Any CPU
		{EFD54DB5-E677-41C2-B497-EA20AA4F2DBA}.Debug|Any CPU.Build.0 = Debug|Any CPU
		{EFD54DB5-E677-41C2-B497-EA20AA4F2DBA}.Release|Any CPU.ActiveCfg = Release|Any CPU
		{EFD54DB5-E677-41C2-B497-EA20AA4F2DBA}.Release|Any CPU.Build.0 = Release|Any CPU
		{ED639A2E-7607-4B9A-A756-38C5DC51EDFC}.Debug|Any CPU.ActiveCfg = Debug|Any CPU
		{ED639A2E-7607-4B9A-A756-38C5DC51EDFC}.Debug|Any CPU.Build.0 = Debug|Any CPU
		{ED639A2E-7607-4B9A-A756-38C5DC51EDFC}.Release|Any CPU.ActiveCfg = Release|Any CPU
		{ED639A2E-7607-4B9A-A756-38C5DC51EDFC}.Release|Any CPU.Build.0 = Release|Any CPU
		{19093B48-D4FC-466E-A411-5C8D86DD7E67}.Debug|Any CPU.ActiveCfg = Debug|Any CPU
		{19093B48-D4FC-466E-A411-5C8D86DD7E67}.Debug|Any CPU.Build.0 = Debug|Any CPU
		{19093B48-D4FC-466E-A411-5C8D86DD7E67}.Release|Any CPU.ActiveCfg = Release|Any CPU
		{19093B48-D4FC-466E-A411-5C8D86DD7E67}.Release|Any CPU.Build.0 = Release|Any CPU
		{EBBDF3DF-61F1-477C-8C31-1D0D98B89205}.Debug|Any CPU.ActiveCfg = Debug|Any CPU
		{EBBDF3DF-61F1-477C-8C31-1D0D98B89205}.Debug|Any CPU.Build.0 = Debug|Any CPU
		{EBBDF3DF-61F1-477C-8C31-1D0D98B89205}.Release|Any CPU.ActiveCfg = Release|Any CPU
		{EBBDF3DF-61F1-477C-8C31-1D0D98B89205}.Release|Any CPU.Build.0 = Release|Any CPU
	EndGlobalSection
	GlobalSection(SolutionProperties) = preSolution
		HideSolutionNode = FALSE
	EndGlobalSection
	GlobalSection(ExtensibilityGlobals) = postSolution
		SolutionGuid = {D86FDFE2-4C70-44CA-8625-EEEDA2C27C7F}
	EndGlobalSection
EndGlobal
