
Microsoft Visual Studio Solution File, Format Version 12.00
# Visual Studio Version 17
VisualStudioVersion = 17.3.32708.82
MinimumVisualStudioVersion = 10.0.40219.1
Project("{9A19103F-16F7-4668-BE54-9A1E7A4F7556}") = "Emobile-Task.Service", "Emobile-Task.Service\Emobile-Task.Service.csproj", "{ED639A2E-7607-4B9A-A756-38C5DC51EDFC}"
EndProject
Project("{9A19103F-16F7-4668-BE54-9A1E7A4F7556}") = "Emobile-Task.DAL", "Emobile-Task.DAL\Emobile-Task.DAL.csproj", "{EBBDF3DF-61F1-477C-8C31-1D0D98B89205}"
EndProject
Project("{9A19103F-16F7-4668-BE54-9A1E7A4F7556}") = "Emobile-Task.Core", "Emobile-Task.Core\Emobile-Task.Core.csproj", "{021496F8-FB93-4168-B807-AC3617292D75}"
EndProject
Project("{FAE04EC0-301F-11D3-BF4B-00C04F79EFBC}") = "Emobile-Task.Web", "Emobile-Task.Web\Emobile-Task.Web.csproj", "{C98855BC-2B5D-44E8-8546-DE149CD8D3AF}"
EndProject
Global
	GlobalSection(SolutionConfigurationPlatforms) = preSolution
		Debug|Any CPU = Debug|Any CPU
		Release|Any CPU = Release|Any CPU
	EndGlobalSection
	GlobalSection(ProjectConfigurationPlatforms) = postSolution
		{ED639A2E-7607-4B9A-A756-38C5DC51EDFC}.Debug|Any CPU.ActiveCfg = Debug|Any CPU
		{ED639A2E-7607-4B9A-A756-38C5DC51EDFC}.Debug|Any CPU.Build.0 = Debug|Any CPU
		{ED639A2E-7607-4B9A-A756-38C5DC51EDFC}.Release|Any CPU.ActiveCfg = Release|Any CPU
		{ED639A2E-7607-4B9A-A756-38C5DC51EDFC}.Release|Any CPU.Build.0 = Release|Any CPU
		{EBBDF3DF-61F1-477C-8C31-1D0D98B89205}.Debug|Any CPU.ActiveCfg = Debug|Any CPU
		{EBBDF3DF-61F1-477C-8C31-1D0D98B89205}.Debug|Any CPU.Build.0 = Debug|Any CPU
		{EBBDF3DF-61F1-477C-8C31-1D0D98B89205}.Release|Any CPU.ActiveCfg = Release|Any CPU
		{EBBDF3DF-61F1-477C-8C31-1D0D98B89205}.Release|Any CPU.Build.0 = Release|Any CPU
		{021496F8-FB93-4168-B807-AC3617292D75}.Debug|Any CPU.ActiveCfg = Debug|Any CPU
		{021496F8-FB93-4168-B807-AC3617292D75}.Debug|Any CPU.Build.0 = Debug|Any CPU
		{021496F8-FB93-4168-B807-AC3617292D75}.Release|Any CPU.ActiveCfg = Release|Any CPU
		{021496F8-FB93-4168-B807-AC3617292D75}.Release|Any CPU.Build.0 = Release|Any CPU
		{C98855BC-2B5D-44E8-8546-DE149CD8D3AF}.Debug|Any CPU.ActiveCfg = Debug|Any CPU
		{C98855BC-2B5D-44E8-8546-DE149CD8D3AF}.Debug|Any CPU.Build.0 = Debug|Any CPU
		{C98855BC-2B5D-44E8-8546-DE149CD8D3AF}.Release|Any CPU.ActiveCfg = Release|Any CPU
		{C98855BC-2B5D-44E8-8546-DE149CD8D3AF}.Release|Any CPU.Build.0 = Release|Any CPU
	EndGlobalSection
	GlobalSection(SolutionProperties) = preSolution
		HideSolutionNode = FALSE
	EndGlobalSection
	GlobalSection(ExtensibilityGlobals) = postSolution
		SolutionGuid = {D86FDFE2-4C70-44CA-8625-EEEDA2C27C7F}
	EndGlobalSection
EndGlobal
